
Microsoft Visual Studio Solution File, Format Version 12.00
# Visual Studio Version 16
VisualStudioVersion = 16.0.30711.63
MinimumVisualStudioVersion = 10.0.40219.1
Project("{9A19103F-16F7-4668-BE54-9A1E7A4F7556}") = "RavenDB.Issues.RavenDB-16042.v5.0", "RavenDB.Issues.RavenDB-16042.v5.0\RavenDB.Issues.RavenDB-16042.v5.0.csproj", "{5645DC1A-A2BE-42C4-A23B-C5C3E4DBEBB6}"
EndProject
Project("{9A19103F-16F7-4668-BE54-9A1E7A4F7556}") = "RavenDB.Issues.RavenDB-16042.v5.1", "RavenDB.Issues.RavenDB-16042.v5.1\RavenDB.Issues.RavenDB-16042.v5.1.csproj", "{5719BAD3-090A-4C53-88AF-6C9FAB069AEC}"
EndProject
Project("{9A19103F-16F7-4668-BE54-9A1E7A4F7556}") = "RavenDB.Issues.RavenDB-16042.v4.2", "RavenDB.Issues.RavenDB-16042.v4.2\RavenDB.Issues.RavenDB-16042.v4.2.csproj", "{95FD46D4-448E-46EC-87EB-36C432F73E63}"
EndProject
Global
	GlobalSection(SolutionConfigurationPlatforms) = preSolution
		Debug|Any CPU = Debug|Any CPU
		Release|Any CPU = Release|Any CPU
	EndGlobalSection
	GlobalSection(ProjectConfigurationPlatforms) = postSolution
		{5645DC1A-A2BE-42C4-A23B-C5C3E4DBEBB6}.Debug|Any CPU.ActiveCfg = Debug|Any CPU
		{5645DC1A-A2BE-42C4-A23B-C5C3E4DBEBB6}.Debug|Any CPU.Build.0 = Debug|Any CPU
		{5645DC1A-A2BE-42C4-A23B-C5C3E4DBEBB6}.Release|Any CPU.ActiveCfg = Release|Any CPU
		{5645DC1A-A2BE-42C4-A23B-C5C3E4DBEBB6}.Release|Any CPU.Build.0 = Release|Any CPU
		{5719BAD3-090A-4C53-88AF-6C9FAB069AEC}.Debug|Any CPU.ActiveCfg = Debug|Any CPU
		{5719BAD3-090A-4C53-88AF-6C9FAB069AEC}.Debug|Any CPU.Build.0 = Debug|Any CPU
		{5719BAD3-090A-4C53-88AF-6C9FAB069AEC}.Release|Any CPU.ActiveCfg = Release|Any CPU
		{5719BAD3-090A-4C53-88AF-6C9FAB069AEC}.Release|Any CPU.Build.0 = Release|Any CPU
		{95FD46D4-448E-46EC-87EB-36C432F73E63}.Debug|Any CPU.ActiveCfg = Debug|Any CPU
		{95FD46D4-448E-46EC-87EB-36C432F73E63}.Debug|Any CPU.Build.0 = Debug|Any CPU
		{95FD46D4-448E-46EC-87EB-36C432F73E63}.Release|Any CPU.ActiveCfg = Release|Any CPU
		{95FD46D4-448E-46EC-87EB-36C432F73E63}.Release|Any CPU.Build.0 = Release|Any CPU
	EndGlobalSection
	GlobalSection(SolutionProperties) = preSolution
		HideSolutionNode = FALSE
	EndGlobalSection
	GlobalSection(ExtensibilityGlobals) = postSolution
		SolutionGuid = {829290B5-3AEE-4723-AED8-7ECAF774B25E}
	EndGlobalSection
EndGlobal
